
Microsoft Visual Studio Solution File, Format Version 12.00
# Visual Studio Version 17
VisualStudioVersion = 17.0.31903.59
MinimumVisualStudioVersion = 10.0.40219.1
Project("{FAE04EC0-301F-11D3-BF4B-00C04F79EFBC}") = "VehicleInsurance.Api", "VehicleInsurance.Api\VehicleInsurance.Api.csproj", "{4CED8877-2B7E-4662-A061-733F8A797391}"
EndProject
Project("{FAE04EC0-301F-11D3-BF4B-00C04F79EFBC}") = "VehicleInsurance.Application", "VehicleInsurance.Application\VehicleInsurance.Application.csproj", "{E5A8864A-EED9-451D-8625-2C56E62C82CE}"
EndProject
Project("{FAE04EC0-301F-11D3-BF4B-00C04F79EFBC}") = "VehicleInsurance.Domain", "VehicleInsurance.Domain\VehicleInsurance.Domain.csproj", "{32550E0E-12FB-4025-8B7A-21294C8AF3A4}"
EndProject
Project("{FAE04EC0-301F-11D3-BF4B-00C04F79EFBC}") = "VehicleInsurance.Infrastructure", "VehicleInsurance.Infrastructure\VehicleInsurance.Infrastructure.csproj", "{B60E2C1B-F273-4719-9A60-BB6B07451BC0}"
EndProject
Global
	GlobalSection(SolutionConfigurationPlatforms) = preSolution
		Debug|Any CPU = Debug|Any CPU
		Debug|x64 = Debug|x64
		Debug|x86 = Debug|x86
		Release|Any CPU = Release|Any CPU
		Release|x64 = Release|x64
		Release|x86 = Release|x86
	EndGlobalSection
	GlobalSection(ProjectConfigurationPlatforms) = postSolution
		{4CED8877-2B7E-4662-A061-733F8A797391}.Debug|Any CPU.ActiveCfg = Debug|Any CPU
		{4CED8877-2B7E-4662-A061-733F8A797391}.Debug|Any CPU.Build.0 = Debug|Any CPU
		{4CED8877-2B7E-4662-A061-733F8A797391}.Debug|x64.ActiveCfg = Debug|Any CPU
		{4CED8877-2B7E-4662-A061-733F8A797391}.Debug|x64.Build.0 = Debug|Any CPU
		{4CED8877-2B7E-4662-A061-733F8A797391}.Debug|x86.ActiveCfg = Debug|Any CPU
		{4CED8877-2B7E-4662-A061-733F8A797391}.Debug|x86.Build.0 = Debug|Any CPU
		{4CED8877-2B7E-4662-A061-733F8A797391}.Release|Any CPU.ActiveCfg = Release|Any CPU
		{4CED8877-2B7E-4662-A061-733F8A797391}.Release|Any CPU.Build.0 = Release|Any CPU
		{4CED8877-2B7E-4662-A061-733F8A797391}.Release|x64.ActiveCfg = Release|Any CPU
		{4CED8877-2B7E-4662-A061-733F8A797391}.Release|x64.Build.0 = Release|Any CPU
		{4CED8877-2B7E-4662-A061-733F8A797391}.Release|x86.ActiveCfg = Release|Any CPU
		{4CED8877-2B7E-4662-A061-733F8A797391}.Release|x86.Build.0 = Release|Any CPU
		{E5A8864A-EED9-451D-8625-2C56E62C82CE}.Debug|Any CPU.ActiveCfg = Debug|Any CPU
		{E5A8864A-EED9-451D-8625-2C56E62C82CE}.Debug|Any CPU.Build.0 = Debug|Any CPU
		{E5A8864A-EED9-451D-8625-2C56E62C82CE}.Debug|x64.ActiveCfg = Debug|Any CPU
		{E5A8864A-EED9-451D-8625-2C56E62C82CE}.Debug|x64.Build.0 = Debug|Any CPU
		{E5A8864A-EED9-451D-8625-2C56E62C82CE}.Debug|x86.ActiveCfg = Debug|Any CPU
		{E5A8864A-EED9-451D-8625-2C56E62C82CE}.Debug|x86.Build.0 = Debug|Any CPU
		{E5A8864A-EED9-451D-8625-2C56E62C82CE}.Release|Any CPU.ActiveCfg = Release|Any CPU
		{E5A8864A-EED9-451D-8625-2C56E62C82CE}.Release|Any CPU.Build.0 = Release|Any CPU
		{E5A8864A-EED9-451D-8625-2C56E62C82CE}.Release|x64.ActiveCfg = Release|Any CPU
		{E5A8864A-EED9-451D-8625-2C56E62C82CE}.Release|x64.Build.0 = Release|Any CPU
		{E5A8864A-EED9-451D-8625-2C56E62C82CE}.Release|x86.ActiveCfg = Release|Any CPU
		{E5A8864A-EED9-451D-8625-2C56E62C82CE}.Release|x86.Build.0 = Release|Any CPU
		{32550E0E-12FB-4025-8B7A-21294C8AF3A4}.Debug|Any CPU.ActiveCfg = Debug|Any CPU
		{32550E0E-12FB-4025-8B7A-21294C8AF3A4}.Debug|Any CPU.Build.0 = Debug|Any CPU
		{32550E0E-12FB-4025-8B7A-21294C8AF3A4}.Debug|x64.ActiveCfg = Debug|Any CPU
		{32550E0E-12FB-4025-8B7A-21294C8AF3A4}.Debug|x64.Build.0 = Debug|Any CPU
		{32550E0E-12FB-4025-8B7A-21294C8AF3A4}.Debug|x86.ActiveCfg = Debug|Any CPU
		{32550E0E-12FB-4025-8B7A-21294C8AF3A4}.Debug|x86.Build.0 = Debug|Any CPU
		{32550E0E-12FB-4025-8B7A-21294C8AF3A4}.Release|Any CPU.ActiveCfg = Release|Any CPU
		{32550E0E-12FB-4025-8B7A-21294C8AF3A4}.Release|Any CPU.Build.0 = Release|Any CPU
		{32550E0E-12FB-4025-8B7A-21294C8AF3A4}.Release|x64.ActiveCfg = Release|Any CPU
		{32550E0E-12FB-4025-8B7A-21294C8AF3A4}.Release|x64.Build.0 = Release|Any CPU
		{32550E0E-12FB-4025-8B7A-21294C8AF3A4}.Release|x86.ActiveCfg = Release|Any CPU
		{32550E0E-12FB-4025-8B7A-21294C8AF3A4}.Release|x86.Build.0 = Release|Any CPU
		{B60E2C1B-F273-4719-9A60-BB6B07451BC0}.Debug|Any CPU.ActiveCfg = Debug|Any CPU
		{B60E2C1B-F273-4719-9A60-BB6B07451BC0}.Debug|Any CPU.Build.0 = Debug|Any CPU
		{B60E2C1B-F273-4719-9A60-BB6B07451BC0}.Debug|x64.ActiveCfg = Debug|Any CPU
		{B60E2C1B-F273-4719-9A60-BB6B07451BC0}.Debug|x64.Build.0 = Debug|Any CPU
		{B60E2C1B-F273-4719-9A60-BB6B07451BC0}.Debug|x86.ActiveCfg = Debug|Any CPU
		{B60E2C1B-F273-4719-9A60-BB6B07451BC0}.Debug|x86.Build.0 = Debug|Any CPU
		{B60E2C1B-F273-4719-9A60-BB6B07451BC0}.Release|Any CPU.ActiveCfg = Release|Any CPU
		{B60E2C1B-F273-4719-9A60-BB6B07451BC0}.Release|Any CPU.Build.0 = Release|Any CPU
		{B60E2C1B-F273-4719-9A60-BB6B07451BC0}.Release|x64.ActiveCfg = Release|Any CPU
		{B60E2C1B-F273-4719-9A60-BB6B07451BC0}.Release|x64.Build.0 = Release|Any CPU
		{B60E2C1B-F273-4719-9A60-BB6B07451BC0}.Release|x86.ActiveCfg = Release|Any CPU
		{B60E2C1B-F273-4719-9A60-BB6B07451BC0}.Release|x86.Build.0 = Release|Any CPU
	EndGlobalSection
	GlobalSection(SolutionProperties) = preSolution
		HideSolutionNode = FALSE
	EndGlobalSection
EndGlobal
